<?xml version="1.0" encoding="utf-8"?>
<Project ToolsVersion="4.0" xmlns="http://schemas.microsoft.com/developer/msbuild/2003">
  <ItemGroup>
    <Filter Include="Resource Files">
      <UniqueIdentifier>{67DA6AB6-F800-4c08-8B7A-83BB121AAD01}</UniqueIdentifier>
      <Extensions>rc;ico;cur;bmp;dlg;rc2;rct;bin;rgs;gif;jpg;jpeg;jpe;resx;tiff;tif;png;wav;mfcribbon-ms</Extensions>
    </Filter>
    <Filter Include="Handlers">
      <UniqueIdentifier>{e6528931-bdad-487b-acee-c51ad153131a}</UniqueIdentifier>
    </Filter>
    <Filter Include="Header Files">
      <UniqueIdentifier>{78f5ba74-a005-47fd-8853-e2696dac031e}</UniqueIdentifier>
    </Filter>
    <Filter Include="Source Files">
      <UniqueIdentifier>{e13ef36c-d585-4389-939f-7a6cd92e12e1}</UniqueIdentifier>
    </Filter>
    <Filter Include="Process">
      <UniqueIdentifier>{5b01ef1b-353f-4d99-b1d7-79ac68fc48d9}</UniqueIdentifier>
    </Filter>
    <Filter Include="KeyLogger">
      <UniqueIdentifier>{b705dcd1-ef61-4fb6-8795-2b4a4cf4e08a}</UniqueIdentifier>
    </Filter>
    <Filter Include="Screenshot">
      <UniqueIdentifier>{3037227e-c655-441e-aa7e-344da1e1597f}</UniqueIdentifier>
    </Filter>
  </ItemGroup>
  <ItemGroup>
    <ClInclude Include="IMessageHandler.h">
      <Filter>Header Files</Filter>
    </ClInclude>
    <ClInclude Include="Rat.h">
      <Filter>Header Files</Filter>
    </ClInclude>
    <ClInclude Include="ReverseShellHandler.h">
      <Filter>Handlers</Filter>
    </ClInclude>
    <ClInclude Include="ChatHandler.h">
      <Filter>Handlers</Filter>
    </ClInclude>
    <ClInclude Include="CreateProcessHandler.h">
      <Filter>Handlers</Filter>
    </ClInclude>
    <ClInclude Include="PingHandler.h">
      <Filter>Handlers</Filter>
    </ClInclude>
    <ClInclude Include="..\include\IRat.h">
      <Filter>Header Files</Filter>
    </ClInclude>
    <ClInclude Include="Pipe.h">
      <Filter>Process</Filter>
    </ClInclude>
    <ClInclude Include="SingleProcessManager.h">
      <Filter>Process</Filter>
    </ClInclude>
    <ClInclude Include="Process.h">
      <Filter>Process</Filter>
    </ClInclude>
    <ClInclude Include="..\include\ISingleProcessManager.h">
      <Filter>Process</Filter>
    </ClInclude>
    <ClInclude Include="KeyLogger.h">
      <Filter>KeyLogger</Filter>
    </ClInclude>
    <ClInclude Include="PressedKey.h">
      <Filter>KeyLogger</Filter>
    </ClInclude>
    <ClInclude Include="Screenshot.h">
      <Filter>Screenshot</Filter>
    </ClInclude>
    <ClInclude Include="TakeScreenshotHandler.h">
      <Filter>Handlers</Filter>
    </ClInclude>
    <ClInclude Include="Screenshotter.h">
      <Filter>Screenshot</Filter>
    </ClInclude>
    <ClInclude Include="GdiPlusInitializer.h">
      <Filter>Screenshot</Filter>
    </ClInclude>
  </ItemGroup>
  <ItemGroup>
    <ClCompile Include="Rat.cpp">
      <Filter>Source Files</Filter>
    </ClCompile>
    <ClCompile Include="ReverseShellHandler.cpp">
      <Filter>Handlers</Filter>
    </ClCompile>
    <ClCompile Include="ChatHandler.cpp">
      <Filter>Handlers</Filter>
    </ClCompile>
    <ClCompile Include="CreateProcessHandler.cpp">
      <Filter>Handlers</Filter>
    </ClCompile>
    <ClCompile Include="PingHandler.cpp">
      <Filter>Handlers</Filter>
    </ClCompile>
    <ClCompile Include="IRat.cpp">
      <Filter>Source Files</Filter>
    </ClCompile>
    <ClCompile Include="Process.cpp">
      <Filter>Process</Filter>
    </ClCompile>
    <ClCompile Include="SingleProcessManager.cpp">
      <Filter>Process</Filter>
    </ClCompile>
    <ClCompile Include="ISingleProcessManager.cpp">
      <Filter>Process</Filter>
    </ClCompile>
    <ClCompile Include="Pipe.cpp">
      <Filter>Process</Filter>
    </ClCompile>
    <ClCompile Include="KeyLogger.cpp">
      <Filter>KeyLogger</Filter>
    </ClCompile>
    <ClCompile Include="PressedKey.cpp">
      <Filter>KeyLogger</Filter>
    </ClCompile>
    <ClCompile Include="Screenshot.cpp">
      <Filter>Screenshot</Filter>
    </ClCompile>
    <ClCompile Include="TakeScreenshotHandler.cpp">
      <Filter>Handlers</Filter>
    </ClCompile>
    <ClCompile Include="Screenshotter.cpp">
      <Filter>Screenshot</Filter>
    </ClCompile>
    <ClCompile Include="GdiPlusInitializer.cpp">
      <Filter>Screenshot</Filter>
    </ClCompile>
  </ItemGroup>
  <ItemGroup>
    <None Include="packages.config" />
  </ItemGroup>
</Project>