<?xml version="1.0" encoding="utf-8"?>
<Project ToolsVersion="4.0" xmlns="http://schemas.microsoft.com/developer/msbuild/2003">
  <ItemGroup>
    <Filter Include="Resource Files">
      <UniqueIdentifier>{67DA6AB6-F800-4c08-8B7A-83BB121AAD01}</UniqueIdentifier>
      <Extensions>rc;ico;cur;bmp;dlg;rc2;rct;bin;rgs;gif;jpg;jpeg;jpe;resx;tiff;tif;png;wav;mfcribbon-ms</Extensions>
    </Filter>
    <Filter Include="Handlers">
      <UniqueIdentifier>{e6528931-bdad-487b-acee-c51ad153131a}</UniqueIdentifier>
    </Filter>
    <Filter Include="Header Files">
      <UniqueIdentifier>{78f5ba74-a005-47fd-8853-e2696dac031e}</UniqueIdentifier>
    </Filter>
    <Filter Include="Source Files">
      <UniqueIdentifier>{e13ef36c-d585-4389-939f-7a6cd92e12e1}</UniqueIdentifier>
    </Filter>
  </ItemGroup>
  <ItemGroup>
    <ClInclude Include="IMessageHandler.h">
      <Filter>Header Files</Filter>
    </ClInclude>
    <ClInclude Include="Process.h">
      <Filter>Header Files</Filter>
    </ClInclude>
    <ClInclude Include="Rat.h">
      <Filter>Header Files</Filter>
    </ClInclude>
    <ClInclude Include="ReverseShellHandler.h">
      <Filter>Handlers</Filter>
    </ClInclude>
    <ClInclude Include="ChatHandler.h">
      <Filter>Handlers</Filter>
    </ClInclude>
    <ClInclude Include="CreateProcessHandler.h">
      <Filter>Handlers</Filter>
    </ClInclude>
    <ClInclude Include="PingHandler.h">
      <Filter>Handlers</Filter>
    </ClInclude>
    <ClInclude Include="..\include\IRat.h">
      <Filter>Header Files</Filter>
    </ClInclude>
    <ClInclude Include="..\include\ISingleProcessManager.h">
      <Filter>Header Files</Filter>
    </ClInclude>
    <ClInclude Include="SingleProcessManager.h">
      <Filter>Header Files</Filter>
    </ClInclude>
  </ItemGroup>
  <ItemGroup>
    <ClCompile Include="Rat.cpp">
      <Filter>Source Files</Filter>
    </ClCompile>
    <ClCompile Include="Process.cpp">
      <Filter>Source Files</Filter>
    </ClCompile>
    <ClCompile Include="ReverseShellHandler.cpp">
      <Filter>Handlers</Filter>
    </ClCompile>
    <ClCompile Include="ChatHandler.cpp">
      <Filter>Handlers</Filter>
    </ClCompile>
    <ClCompile Include="CreateProcessHandler.cpp">
      <Filter>Handlers</Filter>
    </ClCompile>
    <ClCompile Include="PingHandler.cpp">
      <Filter>Handlers</Filter>
    </ClCompile>
    <ClCompile Include="IRat.cpp">
      <Filter>Source Files</Filter>
    </ClCompile>
    <ClCompile Include="ISingleProcessManager.cpp">
      <Filter>Source Files</Filter>
    </ClCompile>
    <ClCompile Include="SingleProcessManager.cpp">
      <Filter>Source Files</Filter>
    </ClCompile>
  </ItemGroup>
</Project>