<?xml version="1.0" encoding="utf-8"?>
<Project ToolsVersion="4.0" xmlns="http://schemas.microsoft.com/developer/msbuild/2003">
  <ItemGroup>
    <Filter Include="Source Files">
      <UniqueIdentifier>{4FC737F1-C7A5-4376-A066-2A32D752A2FF}</UniqueIdentifier>
      <Extensions>cpp;c;cc;cxx;c++;cppm;ixx;def;odl;idl;hpj;bat;asm;asmx</Extensions>
    </Filter>
    <Filter Include="Header Files">
      <UniqueIdentifier>{93995380-89BD-4b04-88EB-625FBE52EBFB}</UniqueIdentifier>
      <Extensions>h;hh;hpp;hxx;h++;hm;inl;inc;ipp;xsd</Extensions>
    </Filter>
    <Filter Include="Resource Files">
      <UniqueIdentifier>{67DA6AB6-F800-4c08-8B7A-83BB121AAD01}</UniqueIdentifier>
      <Extensions>rc;ico;cur;bmp;dlg;rc2;rct;bin;rgs;gif;jpg;jpeg;jpe;resx;tiff;tif;png;wav;mfcribbon-ms</Extensions>
    </Filter>
    <Filter Include="Handlers">
      <UniqueIdentifier>{ea8a7e41-d421-4313-8715-9af9a90fee6d}</UniqueIdentifier>
    </Filter>
  </ItemGroup>
  <ItemGroup>
    <ClCompile Include="Main.cpp">
      <Filter>Source Files</Filter>
    </ClCompile>
    <ClCompile Include="ChatHandler.cpp">
      <Filter>Handlers</Filter>
    </ClCompile>
    <ClCompile Include="PingHandler.cpp">
      <Filter>Handlers</Filter>
    </ClCompile>
    <ClCompile Include="Rat.cpp">
      <Filter>Source Files</Filter>
    </ClCompile>
    <ClCompile Include="CreateProcessHandler.cpp">
      <Filter>Handlers</Filter>
    </ClCompile>
    <ClCompile Include="Process.cpp">
      <Filter>Source Files</Filter>
    </ClCompile>
  </ItemGroup>
  <ItemGroup>
    <ClInclude Include="IMessageHandler.h">
      <Filter>Header Files</Filter>
    </ClInclude>
    <ClInclude Include="PingHandler.h">
      <Filter>Handlers</Filter>
    </ClInclude>
    <ClInclude Include="ChatHandler.h">
      <Filter>Handlers</Filter>
    </ClInclude>
    <ClInclude Include="Rat.h">
      <Filter>Header Files</Filter>
    </ClInclude>
    <ClInclude Include="CreateProcessHandler.h">
      <Filter>Handlers</Filter>
    </ClInclude>
    <ClInclude Include="Process.h">
      <Filter>Header Files</Filter>
    </ClInclude>
  </ItemGroup>
</Project>