
Microsoft Visual Studio Solution File, Format Version 12.00
# Visual Studio Version 17
VisualStudioVersion = 17.1.32228.430
MinimumVisualStudioVersion = 10.0.40219.1
Project("{8BC9CEB8-8B4A-11D0-8D11-00A0C91BC942}") = "Communication", "Communication\Communication.vcxproj", "{077B3B5B-C28E-427D-9789-29A8758926E8}"
EndProject
Project("{8BC9CEB8-8B4A-11D0-8D11-00A0C91BC942}") = "Communication.Tests", "Communication.Tests\Communication.Tests.vcxproj", "{B0AF0776-E8F8-4880-A135-1359C8639064}"
EndProject
Project("{8BC9CEB8-8B4A-11D0-8D11-00A0C91BC942}") = "Rat", "Rat\Rat.vcxproj", "{37FAB683-4CC9-43CE-93D9-C7E2FF1CCBC8}"
EndProject
Project("{8BC9CEB8-8B4A-11D0-8D11-00A0C91BC942}") = "RatManager", "RatManager\RatManager.vcxproj", "{F987C427-B29B-44A4-A221-D85930BDF59C}"
EndProject
Project("{8BC9CEB8-8B4A-11D0-8D11-00A0C91BC942}") = "Client", "Client\Client.vcxproj", "{8096552E-C9C9-44BB-9ED9-40876818C283}"
EndProject
Project("{8BC9CEB8-8B4A-11D0-8D11-00A0C91BC942}") = "Server", "Server\Server.vcxproj", "{477A3B6C-1D8D-4AE6-9E58-E18FC389E983}"
EndProject
Project("{9A19103F-16F7-4668-BE54-9A1E7A4F7556}") = "Server.Interop", "Server.Interop\Server.Interop.csproj", "{BE432346-3CAF-40E6-8FD4-72A8A6F788A5}"
	ProjectSection(ProjectDependencies) = postProject
		{077B3B5B-C28E-427D-9789-29A8758926E8} = {077B3B5B-C28E-427D-9789-29A8758926E8}
		{477A3B6C-1D8D-4AE6-9E58-E18FC389E983} = {477A3B6C-1D8D-4AE6-9E58-E18FC389E983}
	EndProjectSection
EndProject
Project("{9A19103F-16F7-4668-BE54-9A1E7A4F7556}") = "RatManagerUI", "RatManagerUI\RatManagerUI.csproj", "{48CEFCF4-A304-4617-9078-E1A1CC1A968F}"
EndProject
Project("{8BC9CEB8-8B4A-11D0-8D11-00A0C91BC942}") = "Hypodermic", "Hypodermic\Hypodermic\Hypodermic.vcxproj", "{8DBC5914-BB29-46A9-B50C-4C37EA34C849}"
EndProject
Global
	GlobalSection(SolutionConfigurationPlatforms) = preSolution
		Debug|Any CPU = Debug|Any CPU
		Debug|x64 = Debug|x64
		Debug|x86 = Debug|x86
		Release|Any CPU = Release|Any CPU
		Release|x64 = Release|x64
		Release|x86 = Release|x86
	EndGlobalSection
	GlobalSection(ProjectConfigurationPlatforms) = postSolution
		{077B3B5B-C28E-427D-9789-29A8758926E8}.Debug|Any CPU.ActiveCfg = Debug|x64
		{077B3B5B-C28E-427D-9789-29A8758926E8}.Debug|Any CPU.Build.0 = Debug|x64
		{077B3B5B-C28E-427D-9789-29A8758926E8}.Debug|x64.ActiveCfg = Debug|x64
		{077B3B5B-C28E-427D-9789-29A8758926E8}.Debug|x64.Build.0 = Debug|x64
		{077B3B5B-C28E-427D-9789-29A8758926E8}.Debug|x86.ActiveCfg = Debug|Win32
		{077B3B5B-C28E-427D-9789-29A8758926E8}.Debug|x86.Build.0 = Debug|Win32
		{077B3B5B-C28E-427D-9789-29A8758926E8}.Release|Any CPU.ActiveCfg = Release|x64
		{077B3B5B-C28E-427D-9789-29A8758926E8}.Release|Any CPU.Build.0 = Release|x64
		{077B3B5B-C28E-427D-9789-29A8758926E8}.Release|x64.ActiveCfg = Release|x64
		{077B3B5B-C28E-427D-9789-29A8758926E8}.Release|x64.Build.0 = Release|x64
		{077B3B5B-C28E-427D-9789-29A8758926E8}.Release|x86.ActiveCfg = Release|Win32
		{077B3B5B-C28E-427D-9789-29A8758926E8}.Release|x86.Build.0 = Release|Win32
		{B0AF0776-E8F8-4880-A135-1359C8639064}.Debug|Any CPU.ActiveCfg = Debug|x64
		{B0AF0776-E8F8-4880-A135-1359C8639064}.Debug|Any CPU.Build.0 = Debug|x64
		{B0AF0776-E8F8-4880-A135-1359C8639064}.Debug|x64.ActiveCfg = Debug|x64
		{B0AF0776-E8F8-4880-A135-1359C8639064}.Debug|x64.Build.0 = Debug|x64
		{B0AF0776-E8F8-4880-A135-1359C8639064}.Debug|x86.ActiveCfg = Debug|Win32
		{B0AF0776-E8F8-4880-A135-1359C8639064}.Debug|x86.Build.0 = Debug|Win32
		{B0AF0776-E8F8-4880-A135-1359C8639064}.Release|Any CPU.ActiveCfg = Release|x64
		{B0AF0776-E8F8-4880-A135-1359C8639064}.Release|Any CPU.Build.0 = Release|x64
		{B0AF0776-E8F8-4880-A135-1359C8639064}.Release|x64.ActiveCfg = Release|x64
		{B0AF0776-E8F8-4880-A135-1359C8639064}.Release|x64.Build.0 = Release|x64
		{B0AF0776-E8F8-4880-A135-1359C8639064}.Release|x86.ActiveCfg = Release|Win32
		{B0AF0776-E8F8-4880-A135-1359C8639064}.Release|x86.Build.0 = Release|Win32
		{37FAB683-4CC9-43CE-93D9-C7E2FF1CCBC8}.Debug|Any CPU.ActiveCfg = Debug|x64
		{37FAB683-4CC9-43CE-93D9-C7E2FF1CCBC8}.Debug|Any CPU.Build.0 = Debug|x64
		{37FAB683-4CC9-43CE-93D9-C7E2FF1CCBC8}.Debug|x64.ActiveCfg = Debug|x64
		{37FAB683-4CC9-43CE-93D9-C7E2FF1CCBC8}.Debug|x64.Build.0 = Debug|x64
		{37FAB683-4CC9-43CE-93D9-C7E2FF1CCBC8}.Debug|x86.ActiveCfg = Debug|Win32
		{37FAB683-4CC9-43CE-93D9-C7E2FF1CCBC8}.Debug|x86.Build.0 = Debug|Win32
		{37FAB683-4CC9-43CE-93D9-C7E2FF1CCBC8}.Release|Any CPU.ActiveCfg = Release|x64
		{37FAB683-4CC9-43CE-93D9-C7E2FF1CCBC8}.Release|Any CPU.Build.0 = Release|x64
		{37FAB683-4CC9-43CE-93D9-C7E2FF1CCBC8}.Release|x64.ActiveCfg = Release|x64
		{37FAB683-4CC9-43CE-93D9-C7E2FF1CCBC8}.Release|x64.Build.0 = Release|x64
		{37FAB683-4CC9-43CE-93D9-C7E2FF1CCBC8}.Release|x86.ActiveCfg = Release|Win32
		{37FAB683-4CC9-43CE-93D9-C7E2FF1CCBC8}.Release|x86.Build.0 = Release|Win32
		{F987C427-B29B-44A4-A221-D85930BDF59C}.Debug|Any CPU.ActiveCfg = Debug|x64
		{F987C427-B29B-44A4-A221-D85930BDF59C}.Debug|Any CPU.Build.0 = Debug|x64
		{F987C427-B29B-44A4-A221-D85930BDF59C}.Debug|x64.ActiveCfg = Debug|x64
		{F987C427-B29B-44A4-A221-D85930BDF59C}.Debug|x64.Build.0 = Debug|x64
		{F987C427-B29B-44A4-A221-D85930BDF59C}.Debug|x86.ActiveCfg = Debug|Win32
		{F987C427-B29B-44A4-A221-D85930BDF59C}.Debug|x86.Build.0 = Debug|Win32
		{F987C427-B29B-44A4-A221-D85930BDF59C}.Release|Any CPU.ActiveCfg = Release|x64
		{F987C427-B29B-44A4-A221-D85930BDF59C}.Release|Any CPU.Build.0 = Release|x64
		{F987C427-B29B-44A4-A221-D85930BDF59C}.Release|x64.ActiveCfg = Release|x64
		{F987C427-B29B-44A4-A221-D85930BDF59C}.Release|x64.Build.0 = Release|x64
		{F987C427-B29B-44A4-A221-D85930BDF59C}.Release|x86.ActiveCfg = Release|Win32
		{F987C427-B29B-44A4-A221-D85930BDF59C}.Release|x86.Build.0 = Release|Win32
		{8096552E-C9C9-44BB-9ED9-40876818C283}.Debug|Any CPU.ActiveCfg = Debug|x64
		{8096552E-C9C9-44BB-9ED9-40876818C283}.Debug|Any CPU.Build.0 = Debug|x64
		{8096552E-C9C9-44BB-9ED9-40876818C283}.Debug|x64.ActiveCfg = Debug|x64
		{8096552E-C9C9-44BB-9ED9-40876818C283}.Debug|x64.Build.0 = Debug|x64
		{8096552E-C9C9-44BB-9ED9-40876818C283}.Debug|x86.ActiveCfg = Debug|Win32
		{8096552E-C9C9-44BB-9ED9-40876818C283}.Debug|x86.Build.0 = Debug|Win32
		{8096552E-C9C9-44BB-9ED9-40876818C283}.Release|Any CPU.ActiveCfg = Release|x64
		{8096552E-C9C9-44BB-9ED9-40876818C283}.Release|Any CPU.Build.0 = Release|x64
		{8096552E-C9C9-44BB-9ED9-40876818C283}.Release|x64.ActiveCfg = Release|x64
		{8096552E-C9C9-44BB-9ED9-40876818C283}.Release|x64.Build.0 = Release|x64
		{8096552E-C9C9-44BB-9ED9-40876818C283}.Release|x86.ActiveCfg = Release|Win32
		{8096552E-C9C9-44BB-9ED9-40876818C283}.Release|x86.Build.0 = Release|Win32
		{477A3B6C-1D8D-4AE6-9E58-E18FC389E983}.Debug|Any CPU.ActiveCfg = Debug|x64
		{477A3B6C-1D8D-4AE6-9E58-E18FC389E983}.Debug|Any CPU.Build.0 = Debug|x64
		{477A3B6C-1D8D-4AE6-9E58-E18FC389E983}.Debug|x64.ActiveCfg = Debug|x64
		{477A3B6C-1D8D-4AE6-9E58-E18FC389E983}.Debug|x64.Build.0 = Debug|x64
		{477A3B6C-1D8D-4AE6-9E58-E18FC389E983}.Debug|x86.ActiveCfg = Debug|Win32
		{477A3B6C-1D8D-4AE6-9E58-E18FC389E983}.Debug|x86.Build.0 = Debug|Win32
		{477A3B6C-1D8D-4AE6-9E58-E18FC389E983}.Release|Any CPU.ActiveCfg = Release|x64
		{477A3B6C-1D8D-4AE6-9E58-E18FC389E983}.Release|Any CPU.Build.0 = Release|x64
		{477A3B6C-1D8D-4AE6-9E58-E18FC389E983}.Release|x64.ActiveCfg = Release|x64
		{477A3B6C-1D8D-4AE6-9E58-E18FC389E983}.Release|x64.Build.0 = Release|x64
		{477A3B6C-1D8D-4AE6-9E58-E18FC389E983}.Release|x86.ActiveCfg = Release|Win32
		{477A3B6C-1D8D-4AE6-9E58-E18FC389E983}.Release|x86.Build.0 = Release|Win32
		{BE432346-3CAF-40E6-8FD4-72A8A6F788A5}.Debug|Any CPU.ActiveCfg = Debug|Any CPU
		{BE432346-3CAF-40E6-8FD4-72A8A6F788A5}.Debug|Any CPU.Build.0 = Debug|Any CPU
		{BE432346-3CAF-40E6-8FD4-72A8A6F788A5}.Debug|x64.ActiveCfg = Debug|Any CPU
		{BE432346-3CAF-40E6-8FD4-72A8A6F788A5}.Debug|x64.Build.0 = Debug|Any CPU
		{BE432346-3CAF-40E6-8FD4-72A8A6F788A5}.Debug|x86.ActiveCfg = Debug|Any CPU
		{BE432346-3CAF-40E6-8FD4-72A8A6F788A5}.Debug|x86.Build.0 = Debug|Any CPU
		{BE432346-3CAF-40E6-8FD4-72A8A6F788A5}.Release|Any CPU.ActiveCfg = Release|Any CPU
		{BE432346-3CAF-40E6-8FD4-72A8A6F788A5}.Release|Any CPU.Build.0 = Release|Any CPU
		{BE432346-3CAF-40E6-8FD4-72A8A6F788A5}.Release|x64.ActiveCfg = Release|Any CPU
		{BE432346-3CAF-40E6-8FD4-72A8A6F788A5}.Release|x64.Build.0 = Release|Any CPU
		{BE432346-3CAF-40E6-8FD4-72A8A6F788A5}.Release|x86.ActiveCfg = Release|Any CPU
		{BE432346-3CAF-40E6-8FD4-72A8A6F788A5}.Release|x86.Build.0 = Release|Any CPU
		{48CEFCF4-A304-4617-9078-E1A1CC1A968F}.Debug|Any CPU.ActiveCfg = Debug|Any CPU
		{48CEFCF4-A304-4617-9078-E1A1CC1A968F}.Debug|Any CPU.Build.0 = Debug|Any CPU
		{48CEFCF4-A304-4617-9078-E1A1CC1A968F}.Debug|x64.ActiveCfg = Debug|Any CPU
		{48CEFCF4-A304-4617-9078-E1A1CC1A968F}.Debug|x64.Build.0 = Debug|Any CPU
		{48CEFCF4-A304-4617-9078-E1A1CC1A968F}.Debug|x86.ActiveCfg = Debug|Any CPU
		{48CEFCF4-A304-4617-9078-E1A1CC1A968F}.Debug|x86.Build.0 = Debug|Any CPU
		{48CEFCF4-A304-4617-9078-E1A1CC1A968F}.Release|Any CPU.ActiveCfg = Release|Any CPU
		{48CEFCF4-A304-4617-9078-E1A1CC1A968F}.Release|Any CPU.Build.0 = Release|Any CPU
		{48CEFCF4-A304-4617-9078-E1A1CC1A968F}.Release|x64.ActiveCfg = Release|Any CPU
		{48CEFCF4-A304-4617-9078-E1A1CC1A968F}.Release|x64.Build.0 = Release|Any CPU
		{48CEFCF4-A304-4617-9078-E1A1CC1A968F}.Release|x86.ActiveCfg = Release|Any CPU
		{48CEFCF4-A304-4617-9078-E1A1CC1A968F}.Release|x86.Build.0 = Release|Any CPU
		{8DBC5914-BB29-46A9-B50C-4C37EA34C849}.Debug|Any CPU.ActiveCfg = Debug|x64
		{8DBC5914-BB29-46A9-B50C-4C37EA34C849}.Debug|Any CPU.Build.0 = Debug|x64
		{8DBC5914-BB29-46A9-B50C-4C37EA34C849}.Debug|x64.ActiveCfg = Debug|x64
		{8DBC5914-BB29-46A9-B50C-4C37EA34C849}.Debug|x64.Build.0 = Debug|x64
		{8DBC5914-BB29-46A9-B50C-4C37EA34C849}.Debug|x86.ActiveCfg = Debug|Win32
		{8DBC5914-BB29-46A9-B50C-4C37EA34C849}.Debug|x86.Build.0 = Debug|Win32
		{8DBC5914-BB29-46A9-B50C-4C37EA34C849}.Release|Any CPU.ActiveCfg = Release|x64
		{8DBC5914-BB29-46A9-B50C-4C37EA34C849}.Release|Any CPU.Build.0 = Release|x64
		{8DBC5914-BB29-46A9-B50C-4C37EA34C849}.Release|x64.ActiveCfg = Release|x64
		{8DBC5914-BB29-46A9-B50C-4C37EA34C849}.Release|x64.Build.0 = Release|x64
		{8DBC5914-BB29-46A9-B50C-4C37EA34C849}.Release|x86.ActiveCfg = Release|Win32
		{8DBC5914-BB29-46A9-B50C-4C37EA34C849}.Release|x86.Build.0 = Release|Win32
	EndGlobalSection
	GlobalSection(SolutionProperties) = preSolution
		HideSolutionNode = FALSE
	EndGlobalSection
	GlobalSection(ExtensibilityGlobals) = postSolution
		SolutionGuid = {3064D08F-ECC6-42DD-8BE5-A878A902D038}
	EndGlobalSection
EndGlobal
